github.com/davecgh/go-spew v1.1.1 h1:vj9j/u1bqnvCEfJOwUhtlOARqs3+rkHYY13jYWTU97c=
github.com/davecgh/go-spew v1.1.1/go.mod h1:J7Y8YcW2NihsgmVo/mv3lAwl/skON4iLHjSsI+c5H38=
github.com/goplus/gogen v1.16.6 h1:Zwv18HoTbPDk8s2ajxgVeqZE5i4/GMV722KHl6GS8Yk=
github.com/goplus/gogen v1.16.6/go.mod h1:6TQYbabXDF9LCdDkOOzHmfg1R4ENfXQ3XpHa9RhTSD8=
github.com/goplus/gop v1.3.5 h1:WmkGpOnyANI/b0Oj/k3qkOPdlhEiBbpds/X/cgUVzDs=
github.com/goplus/gop v1.3.5/go.mod h1:BnMzJG+PYoOWjKT4Q7CwxLUTBRnTFuuxW8W4O3vq/TU=
github.com/goplus/goxlsw v0.3.0 h1:uvMKPOBQGXuC7VkNcPZEDpLwd+loSnSZz46FT1HXQzg=
github.com/goplus/goxlsw v0.3.0/go.mod h1:NyGPZmrkA0vUWNieCeBmIzyRZPlnOC3VkI2QGxQfIRU=
github.com/goplus/mod v0.13.17 h1:aWp14xosENrh7t0/0qcIejDmQEiTgI3ou2+KoLDlSlE=
github.com/goplus/mod v0.13.17/go.mod h1:XlHf8mnQ4QkRDX14Of2tpywuHDd+JVpPStvh3egog+0=
github.com/pmezard/go-difflib v1.0.0 h1:4DBwDE0NGyQoBHbLQYPwSUPoCMWR5BEzIk/f1lZbAQM=
github.com/pmezard/go-difflib v1.0.0/go.mod h1:iKH77koFhYxTK1pcRnkKkqfTogsbg7gZNVY4sRDYZ/4=
github.com/qiniu/x v1.13.12 h1:UyAwja6dgKUOYWZMzzc02wLodwnZ7wmK/0XzRd0e78g=
github.com/qiniu/x v1.13.12/go.mod h1:INZ2TSWSJVWO/RuELQROERcslBwVgFG7MkTfEdaQz9E=
github.com/stretchr/testify v1.10.0 h1:Xv5erBjTwe/5IxqUQTdXv5kgmIvbHo3QQyRwhJsOfJA=
github.com/stretchr/testify v1.10.0/go.mod h1:r2ic/lqez/lEtzL7wO/rwa5dbSLXVDPFyf8C91i36aY=
golang.org/x/mod v0.23.0 h1:Zb7khfcRGKk+kqfxFaP5tZqCnDZMjC5VtUBs87Hr6QM=
golang.org/x/mod v0.23.0/go.mod h1:6SkKJ3Xj0I0BrPOZoBy3bdMptDDU9oJrpohJ3eWZ1fY=
golang.org/x/sync v0.11.0 h1:GGz8+XQP4FvTTrjZPzNKTMFtSXH80RAzG+5ghFPgK9w=
golang.org/x/sync v0.11.0/go.mod h1:Czt+wKu1gCyEFDUtn0jG5QVvpJ6rzVqr5aXyt9drQfk=
golang.org/x/tools v0.30.0 h1:BgcpHewrV5AUp2G9MebG4XPFI1E2W41zU1SaqVA9vJY=
golang.org/x/tools v0.30.0/go.mod h1:c347cR/OJfw5TI+GfX7RUPNMdDRRbjvYTS0jPyvsVtY=
gopkg.in/yaml.v3 v3.0.1 h1:fxVm/GzAzEWqLHuvctI91KS9hhNmmWOoWu0XTYJS7CA=
gopkg.in/yaml.v3 v3.0.1/go.mod h1:K4uyk7z7BCEPqu6E+C64Yfv1cQ7kz7rIZviUmN+EgEM=
