github.com/aofei/fork.goplus.goxlsw v0.0.0-20250512015729-ebbe56844557 h1:MfwDS4BnbIEF8Tb37uVk56FI4B7e9MNw+hMhdOhUpUI=
github.com/aofei/fork.goplus.goxlsw v0.0.0-20250512015729-ebbe56844557/go.mod h1:+8BYma7xTI6OELlJ+dFA5B6VadexAsazHjTvxfSdqjE=
github.com/davecgh/go-spew v1.1.1 h1:vj9j/u1bqnvCEfJOwUhtlOARqs3+rkHYY13jYWTU97c=
github.com/davecgh/go-spew v1.1.1/go.mod h1:J7Y8YcW2NihsgmVo/mv3lAwl/skON4iLHjSsI+c5H38=
github.com/google/go-cmp v0.6.0 h1:ofyhxvXcZhMsU5ulbFiLKl/XBFqE1GSq7atu8tAmTRI=
github.com/google/go-cmp v0.6.0/go.mod h1:17dUlkBOakJ0+DkrSSNjCkIjxS6bF9zb3elmeNGIjoY=
github.com/goplus/gogen v1.18.0 h1:B0PJE/4e8lfRDmrGJbElEB1weokD1vyOyyXb5eZdjfk=
github.com/goplus/gogen v1.18.0/go.mod h1:owX2e1EyU5WD+Nm6oH2m/GXjLdlBYcwkLO4wN8HHXZI=
github.com/goplus/gop v1.4.0 h1:YYNkrkydWfiK8ZhHAoUC8XiLV4rcdF/tcLBuu362rlI=
github.com/goplus/gop v1.4.0/go.mod h1:n7gnzj6eoaF4i/BwsEvSUmRrrIq3OCjJdUTqOV5ZWCk=
github.com/goplus/mod v0.16.1 h1:2O+rKubJTn+Fighz3kckwpW87STSZ6s3m/YECfXuNhE=
github.com/goplus/mod v0.16.1/go.mod h1:8d1P+pBavZfNQtJo4A742DgsLTtSf26BQn51owhmNqI=
github.com/pmezard/go-difflib v1.0.0 h1:4DBwDE0NGyQoBHbLQYPwSUPoCMWR5BEzIk/f1lZbAQM=
github.com/pmezard/go-difflib v1.0.0/go.mod h1:iKH77koFhYxTK1pcRnkKkqfTogsbg7gZNVY4sRDYZ/4=
github.com/qiniu/x v1.14.0 h1:Dv30khHR5b1tA4ewilu8lsa5t/NTtGU435FApM4Q/SQ=
github.com/qiniu/x v1.14.0/go.mod h1:AiovSOCaRijaf3fj+0CBOpR1457pn24b0Vdb1JpwhII=
github.com/stretchr/testify v1.10.0 h1:Xv5erBjTwe/5IxqUQTdXv5kgmIvbHo3QQyRwhJsOfJA=
github.com/stretchr/testify v1.10.0/go.mod h1:r2ic/lqez/lEtzL7wO/rwa5dbSLXVDPFyf8C91i36aY=
golang.org/x/mod v0.24.0 h1:ZfthKaKaT4NrhGVZHO1/WDTwGES4De8KtWO0SIbNJMU=
golang.org/x/mod v0.24.0/go.mod h1:IXM97Txy2VM4PJ3gI61r1YEk/gAj6zAHN3AdZt6S9Ww=
golang.org/x/sync v0.14.0 h1:woo0S4Yywslg6hp4eUFjTVOyKt0RookbpAHG4c1HmhQ=
golang.org/x/sync v0.14.0/go.mod h1:1dzgHSNfp02xaA81J2MS99Qcpr2w7fw1gpm99rleRqA=
golang.org/x/tools v0.33.0 h1:4qz2S3zmRxbGIhDIAgjxvFutSvH5EfnsYrRBj0UI0bc=
golang.org/x/tools v0.33.0/go.mod h1:CIJMaWEY88juyUfo7UbgPqbC8rU2OqfAV1h2Qp0oMYI=
gopkg.in/yaml.v3 v3.0.1 h1:fxVm/GzAzEWqLHuvctI91KS9hhNmmWOoWu0XTYJS7CA=
gopkg.in/yaml.v3 v3.0.1/go.mod h1:K4uyk7z7BCEPqu6E+C64Yfv1cQ7kz7rIZviUmN+EgEM=
