github.com/goplus/spx/v2 v2.0.0-pre.4 h1:zUW/4D/i7DsXHLYva/zkpjCp7Gy7ssSQJUJMmFzCMPY=
github.com/goplus/spx/v2 v2.0.0-pre.4/go.mod h1:pJw+stGi0Uah1czCfnviaXsRhjgPFo31XovTP/YB/Mo=
github.com/h2non/filetype v1.1.3 h1:FKkx9QbD7HR/zjK1Ia5XiBsq9zdLi5Kf3zGyFTAFkGg=
github.com/h2non/filetype v1.1.3/go.mod h1:319b3zT68BvV+WRj7cwy856M2ehB3HqNOt6sy1HndBY=
github.com/petermattis/goid v0.0.0-20250721140440-ea1c0173183e h1:D0bJD+4O3G4izvrQUmzCL80zazlN7EwJ0PPDhpJWC/I=
github.com/petermattis/goid v0.0.0-20250721140440-ea1c0173183e/go.mod h1:pxMtw7cyUw6B2bRH0ZBANSPg+AoSud1I1iyJHI69jH4=
github.com/realdream-ai/mathf v0.0.0-20250513071532-e55e1277a8c5 h1:KuC3mEHh8NPOaOR0acOW+6ISKL4S9iY3n102KE/tst0=
github.com/realdream-ai/mathf v0.0.0-20250513071532-e55e1277a8c5/go.mod h1:zCbLmeT7a+pH1sknxgdFLiha6xA3gezTtwbTuuNRJWE=
golang.org/x/image v0.23.0 h1:HseQ7c2OpPKTPVzNjG5fwJsOTCiiwS4QdsYi5XU6H68=
golang.org/x/image v0.23.0/go.mod h1:wJJBTdLfCCf3tiHa1fNxpZmUI4mmoZvwMCPP0ddoNKY=
