github.com/goplus/yap v0.6.0 h1:mnR1P5VLqhtHnjyvBvH9UkHOqRLIOYjwMXFcPwODO/M=
github.com/goplus/yap v0.6.0/go.mod h1:VCbGlZo2lUgRWciTZwA5JEOuCUf8T2PhxZZ0HXqzgBk=
github.com/joho/godotenv v1.5.1 h1:7eLL/+HRGLY0ldzfGMeQkb7vMd0as4CfYvUVzLqw0N0=
github.com/joho/godotenv v1.5.1/go.mod h1:f4LDr5Voq0i2e/R5DDNOoa2zzDfwtkZa6DnEwAbqwq4=
